
Microsoft Visual Studio Solution File, Format Version 12.00
# Visual Studio Version 17
VisualStudioVersion = 17.10.35122.118
MinimumVisualStudioVersion = 10.0.40219.1
Project("{FAE04EC0-301F-11D3-BF4B-00C04F79EFBC}") = "Quartet", "Quartet\Quartet.csproj", "{4780FBEC-2B9A-41C2-AF9B-062088AF7E60}"
EndProject
Global
	GlobalSection(SolutionConfigurationPlatforms) = preSolution
		Debug|Any CPU = Debug|Any CPU
		Release|Any CPU = Release|Any CPU
	EndGlobalSection
	GlobalSection(ProjectConfigurationPlatforms) = postSolution
		{4780FBEC-2B9A-41C2-AF9B-062088AF7E60}.Debug|Any CPU.ActiveCfg = Debug|Any CPU
		{4780FBEC-2B9A-41C2-AF9B-062088AF7E60}.Debug|Any CPU.Build.0 = Debug|Any CPU
		{4780FBEC-2B9A-41C2-AF9B-062088AF7E60}.Release|Any CPU.ActiveCfg = Release|Any CPU
		{4780FBEC-2B9A-41C2-AF9B-062088AF7E60}.Release|Any CPU.Build.0 = Release|Any CPU
	EndGlobalSection
	GlobalSection(SolutionProperties) = preSolution
		HideSolutionNode = FALSE
	EndGlobalSection
	GlobalSection(ExtensibilityGlobals) = postSolution
		SolutionGuid = {E48230AE-2C72-4DC0-A926-512207E3D86A}
	EndGlobalSection
EndGlobal
