
Microsoft Visual Studio Solution File, Format Version 12.00
# Visual Studio Version 17
VisualStudioVersion = 17.10.35122.118
MinimumVisualStudioVersion = 10.0.40219.1
Project("{FAE04EC0-301F-11D3-BF4B-00C04F79EFBC}") = "VendingMachineCsecondtry", "VendingMachineCsecondtry\VendingMachineCsecondtry.csproj", "{726C89B3-AD8C-4B4A-99D2-7CD1E5A57DFF}"
EndProject
Global
	GlobalSection(SolutionConfigurationPlatforms) = preSolution
		Debug|Any CPU = Debug|Any CPU
		Release|Any CPU = Release|Any CPU
	EndGlobalSection
	GlobalSection(ProjectConfigurationPlatforms) = postSolution
		{726C89B3-AD8C-4B4A-99D2-7CD1E5A57DFF}.Debug|Any CPU.ActiveCfg = Debug|Any CPU
		{726C89B3-AD8C-4B4A-99D2-7CD1E5A57DFF}.Debug|Any CPU.Build.0 = Debug|Any CPU
		{726C89B3-AD8C-4B4A-99D2-7CD1E5A57DFF}.Release|Any CPU.ActiveCfg = Release|Any CPU
		{726C89B3-AD8C-4B4A-99D2-7CD1E5A57DFF}.Release|Any CPU.Build.0 = Release|Any CPU
	EndGlobalSection
	GlobalSection(SolutionProperties) = preSolution
		HideSolutionNode = FALSE
	EndGlobalSection
	GlobalSection(ExtensibilityGlobals) = postSolution
		SolutionGuid = {A0D82E8D-B812-482A-B806-A5A80037004D}
	EndGlobalSection
EndGlobal
